
Microsoft Visual Studio Solution File, Format Version 12.00
# Visual Studio Version 17
VisualStudioVersion = 17.4.33205.214
MinimumVisualStudioVersion = 10.0.40219.1
Project("{8BC9CEB8-8B4A-11D0-8D11-00A0C91BC942}") = "OOP_lesson9", "OOP_lesson9.vcxproj", "{E6233E57-0240-4B46-8A84-699F5BF11686}"
EndProject
Global
	GlobalSection(SolutionConfigurationPlatforms) = preSolution
		Debug|x64 = Debug|x64
		Debug|x86 = Debug|x86
		Release|x64 = Release|x64
		Release|x86 = Release|x86
	EndGlobalSection
	GlobalSection(ProjectConfigurationPlatforms) = postSolution
		{E6233E57-0240-4B46-8A84-699F5BF11686}.Debug|x64.ActiveCfg = Debug|x64
		{E6233E57-0240-4B46-8A84-699F5BF11686}.Debug|x64.Build.0 = Debug|x64
		{E6233E57-0240-4B46-8A84-699F5BF11686}.Debug|x86.ActiveCfg = Debug|Win32
		{E6233E57-0240-4B46-8A84-699F5BF11686}.Debug|x86.Build.0 = Debug|Win32
		{E6233E57-0240-4B46-8A84-699F5BF11686}.Release|x64.ActiveCfg = Release|x64
		{E6233E57-0240-4B46-8A84-699F5BF11686}.Release|x64.Build.0 = Release|x64
		{E6233E57-0240-4B46-8A84-699F5BF11686}.Release|x86.ActiveCfg = Release|Win32
		{E6233E57-0240-4B46-8A84-699F5BF11686}.Release|x86.Build.0 = Release|Win32
	EndGlobalSection
	GlobalSection(SolutionProperties) = preSolution
		HideSolutionNode = FALSE
	EndGlobalSection
	GlobalSection(ExtensibilityGlobals) = postSolution
		SolutionGuid = {F8DD18BF-ECE8-4E0A-B2E2-5488562B5257}
	EndGlobalSection
EndGlobal
